
Microsoft Visual Studio Solution File, Format Version 12.00
# Visual Studio Version 17
VisualStudioVersion = 17.1.32319.34
MinimumVisualStudioVersion = 10.0.40219.1
Project("{9A19103F-16F7-4668-BE54-9A1E7A4F7556}") = "BulkyBookWeb", "BulkyBookWeb\BulkyBookWeb.csproj", "{651A8C72-ABE8-492D-AE94-7779EF2A42C2}"
EndProject
Project("{9A19103F-16F7-4668-BE54-9A1E7A4F7556}") = "BulkyBook.DataAccess", "BulkyBook.DataAccess\BulkyBook.DataAccess.csproj", "{EEAD194C-85B3-4395-A36C-7C7DF99E3ABA}"
EndProject
Project("{9A19103F-16F7-4668-BE54-9A1E7A4F7556}") = "BulkyBook.Utility", "BulkyBook.Utility\BulkyBook.Utility.csproj", "{D202BDDE-4C74-40A9-BC30-CF177467B943}"
EndProject
Project("{9A19103F-16F7-4668-BE54-9A1E7A4F7556}") = "BulkyBook.Models", "BulkBook.Models\BulkyBook.Models.csproj", "{03F26995-1F6E-4E28-9395-AD5DE91E4B1A}"
EndProject
Global
	GlobalSection(SolutionConfigurationPlatforms) = preSolution
		Debug|Any CPU = Debug|Any CPU
		Release|Any CPU = Release|Any CPU
	EndGlobalSection
	GlobalSection(ProjectConfigurationPlatforms) = postSolution
		{651A8C72-ABE8-492D-AE94-7779EF2A42C2}.Debug|Any CPU.ActiveCfg = Debug|Any CPU
		{651A8C72-ABE8-492D-AE94-7779EF2A42C2}.Debug|Any CPU.Build.0 = Debug|Any CPU
		{651A8C72-ABE8-492D-AE94-7779EF2A42C2}.Release|Any CPU.ActiveCfg = Release|Any CPU
		{651A8C72-ABE8-492D-AE94-7779EF2A42C2}.Release|Any CPU.Build.0 = Release|Any CPU
		{EEAD194C-85B3-4395-A36C-7C7DF99E3ABA}.Debug|Any CPU.ActiveCfg = Debug|Any CPU
		{EEAD194C-85B3-4395-A36C-7C7DF99E3ABA}.Debug|Any CPU.Build.0 = Debug|Any CPU
		{EEAD194C-85B3-4395-A36C-7C7DF99E3ABA}.Release|Any CPU.ActiveCfg = Release|Any CPU
		{EEAD194C-85B3-4395-A36C-7C7DF99E3ABA}.Release|Any CPU.Build.0 = Release|Any CPU
		{D202BDDE-4C74-40A9-BC30-CF177467B943}.Debug|Any CPU.ActiveCfg = Debug|Any CPU
		{D202BDDE-4C74-40A9-BC30-CF177467B943}.Debug|Any CPU.Build.0 = Debug|Any CPU
		{D202BDDE-4C74-40A9-BC30-CF177467B943}.Release|Any CPU.ActiveCfg = Release|Any CPU
		{D202BDDE-4C74-40A9-BC30-CF177467B943}.Release|Any CPU.Build.0 = Release|Any CPU
		{03F26995-1F6E-4E28-9395-AD5DE91E4B1A}.Debug|Any CPU.ActiveCfg = Debug|Any CPU
		{03F26995-1F6E-4E28-9395-AD5DE91E4B1A}.Debug|Any CPU.Build.0 = Debug|Any CPU
		{03F26995-1F6E-4E28-9395-AD5DE91E4B1A}.Release|Any CPU.ActiveCfg = Release|Any CPU
		{03F26995-1F6E-4E28-9395-AD5DE91E4B1A}.Release|Any CPU.Build.0 = Release|Any CPU
	EndGlobalSection
	GlobalSection(SolutionProperties) = preSolution
		HideSolutionNode = FALSE
	EndGlobalSection
	GlobalSection(ExtensibilityGlobals) = postSolution
		SolutionGuid = {3D271AA0-C09C-419E-9260-A5B089FE6CC6}
	EndGlobalSection
EndGlobal
